
Microsoft Visual Studio Solution File, Format Version 12.00
# Visual Studio Version 17
VisualStudioVersion = 17.2.32616.157
MinimumVisualStudioVersion = 10.0.40219.1
Project("{FAE04EC0-301F-11D3-BF4B-00C04F79EFBC}") = "Fibonici series", "Fibonici series\Fibonici series.csproj", "{FBA37C62-F7EA-4632-AE55-8D9E30C35AF7}"
EndProject
Global
	GlobalSection(SolutionConfigurationPlatforms) = preSolution
		Debug|Any CPU = Debug|Any CPU
		Release|Any CPU = Release|Any CPU
	EndGlobalSection
	GlobalSection(ProjectConfigurationPlatforms) = postSolution
		{FBA37C62-F7EA-4632-AE55-8D9E30C35AF7}.Debug|Any CPU.ActiveCfg = Debug|Any CPU
		{FBA37C62-F7EA-4632-AE55-8D9E30C35AF7}.Debug|Any CPU.Build.0 = Debug|Any CPU
		{FBA37C62-F7EA-4632-AE55-8D9E30C35AF7}.Release|Any CPU.ActiveCfg = Release|Any CPU
		{FBA37C62-F7EA-4632-AE55-8D9E30C35AF7}.Release|Any CPU.Build.0 = Release|Any CPU
	EndGlobalSection
	GlobalSection(SolutionProperties) = preSolution
		HideSolutionNode = FALSE
	EndGlobalSection
	GlobalSection(ExtensibilityGlobals) = postSolution
		SolutionGuid = {8B3170D4-A608-44FC-B807-BEC411C22A72}
	EndGlobalSection
EndGlobal
