
Microsoft Visual Studio Solution File, Format Version 12.00
# Visual Studio Version 17
VisualStudioVersion = 17.2.32616.157
MinimumVisualStudioVersion = 10.0.40219.1
Project("{FAE04EC0-301F-11D3-BF4B-00C04F79EFBC}") = "Stopwatch_program", "Stopwatch_program\Stopwatch_program.csproj", "{8CC3FA8E-84A1-4C9E-978D-1DB9131B1481}"
EndProject
Global
	GlobalSection(SolutionConfigurationPlatforms) = preSolution
		Debug|Any CPU = Debug|Any CPU
		Release|Any CPU = Release|Any CPU
	EndGlobalSection
	GlobalSection(ProjectConfigurationPlatforms) = postSolution
		{8CC3FA8E-84A1-4C9E-978D-1DB9131B1481}.Debug|Any CPU.ActiveCfg = Debug|Any CPU
		{8CC3FA8E-84A1-4C9E-978D-1DB9131B1481}.Debug|Any CPU.Build.0 = Debug|Any CPU
		{8CC3FA8E-84A1-4C9E-978D-1DB9131B1481}.Release|Any CPU.ActiveCfg = Release|Any CPU
		{8CC3FA8E-84A1-4C9E-978D-1DB9131B1481}.Release|Any CPU.Build.0 = Release|Any CPU
	EndGlobalSection
	GlobalSection(SolutionProperties) = preSolution
		HideSolutionNode = FALSE
	EndGlobalSection
	GlobalSection(ExtensibilityGlobals) = postSolution
		SolutionGuid = {4C4E0E8C-6B0F-4CBD-B814-3EB6CCB0D760}
	EndGlobalSection
EndGlobal
